
Microsoft Visual Studio Solution File, Format Version 12.00
# Visual Studio 15
Project("{FAE04EC0-301F-11D3-BF4B-00C04F79EFBC}") = "UnityEditor.UI", "UnityEditor.UI.csproj", "{F4529D99-A009-C049-B431-75AEF2CF90ED}"
EndProject
Project("{FAE04EC0-301F-11D3-BF4B-00C04F79EFBC}") = "BakeryEditorAssembly", "BakeryEditorAssembly.csproj", "{AF94A149-70A6-CFC0-08E4-C127AF8CBC93}"
EndProject
Project("{FAE04EC0-301F-11D3-BF4B-00C04F79EFBC}") = "UnityEngine.UI", "UnityEngine.UI.csproj", "{A86C07DC-DDE5-A438-331E-A69CF30C44D6}"
EndProject
Project("{FAE04EC0-301F-11D3-BF4B-00C04F79EFBC}") = "BakeryRuntimeAssembly", "BakeryRuntimeAssembly.csproj", "{3662A3FA-4322-05DF-77AE-F9808FBEDA08}"
EndProject
Project("{FAE04EC0-301F-11D3-BF4B-00C04F79EFBC}") = "Assembly-CSharp", "Assembly-CSharp.csproj", "{D0F74257-F6B2-DCEA-FC51-AA11C694D4B0}"
EndProject
Global
	GlobalSection(SolutionConfigurationPlatforms) = preSolution
		Debug|Any CPU = Debug|Any CPU
		Release|Any CPU = Release|Any CPU
	EndGlobalSection
	GlobalSection(ProjectConfigurationPlatforms) = postSolution
		{F4529D99-A009-C049-B431-75AEF2CF90ED}.Debug|Any CPU.ActiveCfg = Debug|Any CPU
		{F4529D99-A009-C049-B431-75AEF2CF90ED}.Debug|Any CPU.Build.0 = Debug|Any CPU
		{F4529D99-A009-C049-B431-75AEF2CF90ED}.Release|Any CPU.ActiveCfg = Release|Any CPU
		{F4529D99-A009-C049-B431-75AEF2CF90ED}.Release|Any CPU.Build.0 = Release|Any CPU
		{AF94A149-70A6-CFC0-08E4-C127AF8CBC93}.Debug|Any CPU.ActiveCfg = Debug|Any CPU
		{AF94A149-70A6-CFC0-08E4-C127AF8CBC93}.Debug|Any CPU.Build.0 = Debug|Any CPU
		{AF94A149-70A6-CFC0-08E4-C127AF8CBC93}.Release|Any CPU.ActiveCfg = Release|Any CPU
		{AF94A149-70A6-CFC0-08E4-C127AF8CBC93}.Release|Any CPU.Build.0 = Release|Any CPU
		{A86C07DC-DDE5-A438-331E-A69CF30C44D6}.Debug|Any CPU.ActiveCfg = Debug|Any CPU
		{A86C07DC-DDE5-A438-331E-A69CF30C44D6}.Debug|Any CPU.Build.0 = Debug|Any CPU
		{A86C07DC-DDE5-A438-331E-A69CF30C44D6}.Release|Any CPU.ActiveCfg = Release|Any CPU
		{A86C07DC-DDE5-A438-331E-A69CF30C44D6}.Release|Any CPU.Build.0 = Release|Any CPU
		{3662A3FA-4322-05DF-77AE-F9808FBEDA08}.Debug|Any CPU.ActiveCfg = Debug|Any CPU
		{3662A3FA-4322-05DF-77AE-F9808FBEDA08}.Debug|Any CPU.Build.0 = Debug|Any CPU
		{3662A3FA-4322-05DF-77AE-F9808FBEDA08}.Release|Any CPU.ActiveCfg = Release|Any CPU
		{3662A3FA-4322-05DF-77AE-F9808FBEDA08}.Release|Any CPU.Build.0 = Release|Any CPU
		{D0F74257-F6B2-DCEA-FC51-AA11C694D4B0}.Debug|Any CPU.ActiveCfg = Debug|Any CPU
		{D0F74257-F6B2-DCEA-FC51-AA11C694D4B0}.Debug|Any CPU.Build.0 = Debug|Any CPU
		{D0F74257-F6B2-DCEA-FC51-AA11C694D4B0}.Release|Any CPU.ActiveCfg = Release|Any CPU
		{D0F74257-F6B2-DCEA-FC51-AA11C694D4B0}.Release|Any CPU.Build.0 = Release|Any CPU
	EndGlobalSection
	GlobalSection(SolutionProperties) = preSolution
		HideSolutionNode = FALSE
	EndGlobalSection
EndGlobal
